
Microsoft Visual Studio Solution File, Format Version 12.00
# Visual Studio Version 17
VisualStudioVersion = 17.13.35913.81 d17.13
MinimumVisualStudioVersion = 10.0.40219.1
Project("{FAE04EC0-301F-11D3-BF4B-00C04F79EFBC}") = "MCP_SQL", "MCP_SQL\MCP_SQL.csproj", "{7CB6F7F6-0FA2-4726-B6CE-BBC5B68E033B}"
EndProject
Global
	GlobalSection(SolutionConfigurationPlatforms) = preSolution
		Debug|Any CPU = Debug|Any CPU
		Release|Any CPU = Release|Any CPU
	EndGlobalSection
	GlobalSection(ProjectConfigurationPlatforms) = postSolution
		{7CB6F7F6-0FA2-4726-B6CE-BBC5B68E033B}.Debug|Any CPU.ActiveCfg = Debug|Any CPU
		{7CB6F7F6-0FA2-4726-B6CE-BBC5B68E033B}.Debug|Any CPU.Build.0 = Debug|Any CPU
		{7CB6F7F6-0FA2-4726-B6CE-BBC5B68E033B}.Release|Any CPU.ActiveCfg = Release|Any CPU
		{7CB6F7F6-0FA2-4726-B6CE-BBC5B68E033B}.Release|Any CPU.Build.0 = Release|Any CPU
	EndGlobalSection
	GlobalSection(SolutionProperties) = preSolution
		HideSolutionNode = FALSE
	EndGlobalSection
	GlobalSection(ExtensibilityGlobals) = postSolution
		SolutionGuid = {1A0B164E-0B5A-496A-BCD6-83A493936998}
	EndGlobalSection
EndGlobal
